
Microsoft Visual Studio Solution File, Format Version 12.00
# Visual Studio Version 16
VisualStudioVersion = 16.0.31624.102
MinimumVisualStudioVersion = 10.0.40219.1
Project("{FAE04EC0-301F-11D3-BF4B-00C04F79EFBC}") = "TeslaCamTheater", "TeslaCamTheater.csproj", "{27CBAFD9-F15D-4A7F-BF36-6A5F50E9B12F}"
EndProject
Global
	GlobalSection(SolutionConfigurationPlatforms) = preSolution
		Debug|Any CPU = Debug|Any CPU
		Release|Any CPU = Release|Any CPU
	EndGlobalSection
	GlobalSection(ProjectConfigurationPlatforms) = postSolution
		{27CBAFD9-F15D-4A7F-BF36-6A5F50E9B12F}.Debug|Any CPU.ActiveCfg = Debug|Any CPU
		{27CBAFD9-F15D-4A7F-BF36-6A5F50E9B12F}.Debug|Any CPU.Build.0 = Debug|Any CPU
		{27CBAFD9-F15D-4A7F-BF36-6A5F50E9B12F}.Release|Any CPU.ActiveCfg = Release|Any CPU
		{27CBAFD9-F15D-4A7F-BF36-6A5F50E9B12F}.Release|Any CPU.Build.0 = Release|Any CPU
	EndGlobalSection
	GlobalSection(SolutionProperties) = preSolution
		HideSolutionNode = FALSE
	EndGlobalSection
	GlobalSection(ExtensibilityGlobals) = postSolution
		SolutionGuid = {E9F92D6F-BFE2-43F5-8CF0-2FF678C227D7}
	EndGlobalSection
EndGlobal
